
Microsoft Visual Studio Solution File, Format Version 12.00
# Visual Studio Version 17
VisualStudioVersion = 17.8.34330.188
MinimumVisualStudioVersion = 10.0.40219.1
Project("{FAE04EC0-301F-11D3-BF4B-00C04F79EFBC}") = "MVCproject", "MVCproject\MVCproject.csproj", "{51736CD7-9F38-4012-B656-A15F72C946C3}"
EndProject
Global
	GlobalSection(SolutionConfigurationPlatforms) = preSolution
		Debug|Any CPU = Debug|Any CPU
		Release|Any CPU = Release|Any CPU
	EndGlobalSection
	GlobalSection(ProjectConfigurationPlatforms) = postSolution
		{51736CD7-9F38-4012-B656-A15F72C946C3}.Debug|Any CPU.ActiveCfg = Debug|Any CPU
		{51736CD7-9F38-4012-B656-A15F72C946C3}.Debug|Any CPU.Build.0 = Debug|Any CPU
		{51736CD7-9F38-4012-B656-A15F72C946C3}.Release|Any CPU.ActiveCfg = Release|Any CPU
		{51736CD7-9F38-4012-B656-A15F72C946C3}.Release|Any CPU.Build.0 = Release|Any CPU
	EndGlobalSection
	GlobalSection(SolutionProperties) = preSolution
		HideSolutionNode = FALSE
	EndGlobalSection
	GlobalSection(ExtensibilityGlobals) = postSolution
		SolutionGuid = {76C6E406-FC37-4976-89E2-73780D180BA3}
	EndGlobalSection
EndGlobal
